
Microsoft Visual Studio Solution File, Format Version 12.00
# Visual Studio Version 17
VisualStudioVersion = 17.6.33829.357
MinimumVisualStudioVersion = 10.0.40219.1
Project("{FAE04EC0-301F-11D3-BF4B-00C04F79EFBC}") = "Prep", "Prep\Prep.csproj", "{62D0C7BB-91F7-4DA9-BAB3-EA984BBEB7D9}"
EndProject
Global
	GlobalSection(SolutionConfigurationPlatforms) = preSolution
		Debug|Any CPU = Debug|Any CPU
		Release|Any CPU = Release|Any CPU
	EndGlobalSection
	GlobalSection(ProjectConfigurationPlatforms) = postSolution
		{62D0C7BB-91F7-4DA9-BAB3-EA984BBEB7D9}.Debug|Any CPU.ActiveCfg = Debug|Any CPU
		{62D0C7BB-91F7-4DA9-BAB3-EA984BBEB7D9}.Debug|Any CPU.Build.0 = Debug|Any CPU
		{62D0C7BB-91F7-4DA9-BAB3-EA984BBEB7D9}.Release|Any CPU.ActiveCfg = Release|Any CPU
		{62D0C7BB-91F7-4DA9-BAB3-EA984BBEB7D9}.Release|Any CPU.Build.0 = Release|Any CPU
	EndGlobalSection
	GlobalSection(SolutionProperties) = preSolution
		HideSolutionNode = FALSE
	EndGlobalSection
	GlobalSection(ExtensibilityGlobals) = postSolution
		SolutionGuid = {55E4A5A8-4958-4868-8FFE-2FB8AD200E93}
	EndGlobalSection
EndGlobal
